// !$*UTF8*$!
{
	archiveVersion = 1;
	classes = {
	};
	objectVersion = 46;
	objects = {

/* Begin PBXBuildFile section */
		514AB8401F47939500C7D4E2 /* AppDelegate.swift in Sources */ = {isa = PBXBuildFile; fileRef = 514AB83F1F47939500C7D4E2 /* AppDelegate.swift */; };
		514AB8421F47939500C7D4E2 /* ViewController.swift in Sources */ = {isa = PBXBuildFile; fileRef = 514AB8411F47939500C7D4E2 /* ViewController.swift */; };
		514AB8451F47939500C7D4E2 /* Main.storyboard in Resources */ = {isa = PBXBuildFile; fileRef = 514AB8431F47939500C7D4E2 /* Main.storyboard */; };
		514AB8471F47939500C7D4E2 /* Assets.xcassets in Resources */ = {isa = PBXBuildFile; fileRef = 514AB8461F47939500C7D4E2 /* Assets.xcassets */; };
		514AB84A1F47939500C7D4E2 /* LaunchScreen.storyboard in Resources */ = {isa = PBXBuildFile; fileRef = 514AB8481F47939500C7D4E2 /* LaunchScreen.storyboard */; };
/* End PBXBuildFile section */

/* Begin PBXFileReference section */
		514AB83C1F47939500C7D4E2 /* GoLive.app */ = {isa = PBXFileReference; explicitFileType = wrapper.application; includeInIndex = 0; path = GoLive.app; sourceTree = BUILT_PRODUCTS_DIR; };
		514AB83F1F47939500C7D4E2 /* AppDelegate.swift */ = {isa = PBXFileReference; lastKnownFileType = sourcecode.swift; path = AppDelegate.swift; sourceTree = "<group>"; };
		514AB8411F47939500C7D4E2 /* ViewController.swift */ = {isa = PBXFileReference; lastKnownFileType = sourcecode.swift; path = ViewController.swift; sourceTree = "<group>"; };
		514AB8441F47939500C7D4E2 /* Base */ = {isa = PBXFileReference; lastKnownFileType = file.storyboard; name = Base; path = Base.lproj/Main.storyboard; sourceTree = "<group>"; };
		514AB8461F47939500C7D4E2 /* Assets.xcassets */ = {isa = PBXFileReference; lastKnownFileType = folder.assetcatalog; path = Assets.xcassets; sourceTree = "<group>"; };
		514AB8491F47939500C7D4E2 /* Base */ = {isa = PBXFileReference; lastKnownFileType = file.storyboard; name = Base; path = Base.lproj/LaunchScreen.storyboard; sourceTree = "<group>"; };
		514AB84B1F47939500C7D4E2 /* Info.plist */ = {isa = PBXFileReference; lastKnownFileType = text.plist.xml; path = Info.plist; sourceTree = "<group>"; };
/* End PBXFileReference section */

/* Begin PBXFrameworksBuildPhase section */
		514AB8391F47939500C7D4E2 /* Frameworks */ = {
			isa = PBXFrameworksBuildPhase;
			buildActionMask = 2147483647;
			files = (
			);
			runOnlyForDeploymentPostprocessing = 0;
		};
/* End PBXFrameworksBuildPhase section */

/* Begin PBXGroup section */
		514AB8331F47939500C7D4E2 = {
			isa = PBXGroup;
			children = (
				514AB83E1F47939500C7D4E2 /* GoLive */,
				514AB83D1F47939500C7D4E2 /* Products */,
			);
			sourceTree = "<group>";
		};
		514AB83D1F47939500C7D4E2 /* Products */ = {
			isa = PBXGroup;
			children = (
				514AB83C1F47939500C7D4E2 /* GoLive.app */,
			);
			name = Products;
			sourceTree = "<group>";
		};
		514AB83E1F47939500C7D4E2 /* GoLive */ = {
			isa = PBXGroup;
			children = (
				514AB83F1F47939500C7D4E2 /* AppDelegate.swift */,
				514AB8411F47939500C7D4E2 /* ViewController.swift */,
				514AB8431F47939500C7D4E2 /* Main.storyboard */,
				514AB8461F47939500C7D4E2 /* Assets.xcassets */,
				514AB8481F47939500C7D4E2 /* LaunchScreen.storyboard */,
				514AB84B1F47939500C7D4E2 /* Info.plist */,
			);
			path = GoLive;
			sourceTree = "<group>";
		};
/* End PBXGroup section */

/* Begin PBXNativeTarget section */
		514AB83B1F47939500C7D4E2 /* GoLive */ = {
			isa = PBXNativeTarget;
			buildConfigurationList = 514AB84E1F47939500C7D4E2 /* Build configuration list for PBXNativeTarget "GoLive" */;
			buildPhases = (
				514AB8381F47939500C7D4E2 /* Sources */,
				514AB8391F47939500C7D4E2 /* Frameworks */,
				514AB83A1F47939500C7D4E2 /* Resources */,
			);
			buildRules = (
			);
			dependencies = (
			);
			name = GoLive;
			productName = GoLive;
			productReference = 514AB83C1F47939500C7D4E2 /* GoLive.app */;
			productType = "com.apple.product-type.application";
		};
/* End PBXNativeTarget section */

/* Begin PBXProject section */
		514AB8341F47939500C7D4E2 /* Project object */ = {
			isa = PBXProject;
			attributes = {
				LastSwiftUpdateCheck = 0830;
				LastUpgradeCheck = 0920;
				ORGANIZATIONNAME = "Mitchell Sweet";
				TargetAttributes = {
					514AB83B1F47939500C7D4E2 = {
						CreatedOnToolsVersion = 8.3.2;
						DevelopmentTeam = 3TCCEYF5TG;
						LastSwiftMigration = 0920;
						ProvisioningStyle = Automatic;
					};
				};
			};
			buildConfigurationList = 514AB8371F47939500C7D4E2 /* Build configuration list for PBXProject "GoLive" */;
			compatibilityVersion = "Xcode 3.2";
			developmentRegion = English;
			hasScannedForEncodings = 0;
			knownRegions = (
				en,
				Base,
			);
			mainGroup = 514AB8331F47939500C7D4E2;
			productRefGroup = 514AB83D1F47939500C7D4E2 /* Products */;
			projectDirPath = "";
			projectRoot = "";
			targets = (
				514AB83B1F47939500C7D4E2 /* GoLive */,
			);
		};
/* End PBXProject section */

/* Begin PBXResourcesBuildPhase section */
		514AB83A1F47939500C7D4E2 /* Resources */ = {
			isa = PBXResourcesBuildPhase;
			buildActionMask = 2147483647;
			files = (
				514AB84A1F47939500C7D4E2 /* LaunchScreen.storyboard in Resources */,
				514AB8471F47939500C7D4E2 /* Assets.xcassets in Resources */,
				514AB8451F47939500C7D4E2 /* Main.storyboard in Resources */,
			);
			runOnlyForDeploymentPostprocessing = 0;
		};
/* End PBXResourcesBuildPhase section */

/* Begin PBXSourcesBuildPhase section */
		514AB8381F47939500C7D4E2 /* Sources */ = {
			isa = PBXSourcesBuildPhase;
			buildActionMask = 2147483647;
			files = (
				514AB8421F47939500C7D4E2 /* ViewController.swift in Sources */,
				514AB8401F47939500C7D4E2 /* AppDelegate.swift in Sources */,
			);
			runOnlyForDeploymentPostprocessing = 0;
		};
/* End PBXSourcesBuildPhase section */

/* Begin PBXVariantGroup section */
		514AB8431F47939500C7D4E2 /* Main.storyboard */ = {
			isa = PBXVariantGroup;
			children = (
				514AB8441F47939500C7D4E2 /* Base */,
			);
			name = Main.storyboard;
			sourceTree = "<group>";
		};
		514AB8481F47939500C7D4E2 /* LaunchScreen.storyboard */ = {
			isa = PBXVariantGroup;
			children = (
				514AB8491F47939500C7D4E2 /* Base */,
			);
			name = LaunchScreen.storyboard;
			sourceTree = "<group>";
		};
/* End PBXVariantGroup section */

/* Begin XCBuildConfiguration section */
		514AB84C1F47939500C7D4E2 /* Debug */ = {
			isa = XCBuildConfiguration;
			buildSettings = {
				ALWAYS_SEARCH_USER_PATHS = NO;
				CLANG_ANALYZER_NONNULL = YES;
				CLANG_ANALYZER_NUMBER_OBJECT_CONVERSION = YES_AGGRESSIVE;
				CLANG_CXX_LANGUAGE_STANDARD = "gnu++0x";
				CLANG_CXX_LIBRARY = "libc++";
				CLANG_ENABLE_MODULES = YES;
				CLANG_ENABLE_OBJC_ARC = YES;
				CLANG_WARN_BLOCK_CAPTURE_AUTORELEASING = YES;
				CLANG_WARN_BOOL_CONVERSION = YES;
				CLANG_WARN_COMMA = YES;
				CLANG_WARN_CONSTANT_CONVERSION = YES;
				CLANG_WARN_DIRECT_OBJC_ISA_USAGE = YES_ERROR;
				CLANG_WARN_DOCUMENTATION_COMMENTS = YES;
				CLANG_WARN_EMPTY_BODY = YES;
				CLANG_WARN_ENUM_CONVERSION = YES;
				CLANG_WARN_INFINITE_RECURSION = YES;
				CLANG_WARN_INT_CONVERSION = YES;
				CLANG_WARN_NON_LITERAL_NULL_CONVERSION = YES;
				CLANG_WARN_OBJC_LITERAL_CONVERSION = YES;
				CLANG_WARN_OBJC_ROOT_CLASS = YES_ERROR;
				CLANG_WARN_RANGE_LOOP_ANALYSIS = YES;
				CLANG_WARN_STRICT_PROTOTYPES = YES;
				CLANG_WARN_SUSPICIOUS_MOVE = YES;
				CLANG_WARN_UNREACHABLE_CODE = YES;
				CLANG_WARN__DUPLICATE_METHOD_MATCH = YES;
				"CODE_SIGN_IDENTITY[sdk=iphoneos*]" = "iPhone Developer";
				COPY_PHASE_STRIP = NO;
				DEBUG_INFORMATION_FORMAT = dwarf;
				ENABLE_STRICT_OBJC_MSGSEND = YES;
				ENABLE_TESTABILITY = YES;
				GCC_C_LANGUAGE_STANDARD = gnu99;
				GCC_DYNAMIC_NO_PIC = NO;
				GCC_NO_COMMON_BLOCKS = YES;
				GCC_OPTIMIZATION_LEVEL = 0;
				GCC_PREPROCESSOR_DEFINITIONS = (
					"DEBUG=1",
					"$(inherited)",
				);
				GCC_WARN_64_TO_32_BIT_CONVERSION = YES;
				GCC_WARN_ABOUT_RETURN_TYPE = YES_ERROR;
				GCC_WARN_UNDECLARED_SELECTOR = YES;
				GCC_WARN_UNINITIALIZED_AUTOS = YES_AGGRESSIVE;
				GCC_WARN_UNUSED_FUNCTION = YES;
				GCC_WARN_UNUSED_VARIABLE = YES;
				IPHONEOS_DEPLOYMENT_TARGET = 10.3;
				MTL_ENABLE_DEBUG_INFO = YES;
				ONLY_ACTIVE_ARCH = YES;
				SDKROOT = iphoneos;
				SWIFT_ACTIVE_COMPILATION_CONDITIONS = DEBUG;
				SWIFT_OPTIMIZATION_LEVEL = "-Onone";
			};
			name = Debug;
		};
		514AB84D1F47939500C7D4E2 /* Release */ = {
			isa = XCBuildConfiguration;
			buildSettings = {
				ALWAYS_SEARCH_USER_PATHS = NO;
				CLANG_ANALYZER_NONNULL = YES;
				CLANG_ANALYZER_NUMBER_OBJECT_CONVERSION = YES_AGGRESSIVE;
				CLANG_CXX_LANGUAGE_STANDARD = "gnu++0x";
				CLANG_CXX_LIBRARY = "libc++";
				CLANG_ENABLE_MODULES = YES;
				CLANG_ENABLE_OBJC_ARC = YES;
				CLANG_WARN_BLOCK_CAPTURE_AUTORELEASING = YES;
				CLANG_WARN_BOOL_CONVERSION = YES;
				CLANG_WARN_COMMA = YES;
				CLANG_WARN_CONSTANT_CONVERSION = YES;
				CLANG_WARN_DIRECT_OBJC_ISA_USAGE = YES_ERROR;
				CLANG_WARN_DOCUMENTATION_COMMENTS = YES;
				CLANG_WARN_EMPTY_BODY = YES;
				CLANG_WARN_ENUM_CONVERSION = YES;
				CLANG_WARN_INFINITE_RECURSION = YES;
				CLANG_WARN_INT_CONVERSION = YES;
				CLANG_WARN_NON_LITERAL_NULL_CONVERSION = YES;
				CLANG_WARN_OBJC_LITERAL_CONVERSION = YES;
				CLANG_WARN_OBJC_ROOT_CLASS = YES_ERROR;
				CLANG_WARN_RANGE_LOOP_ANALYSIS = YES;
				CLANG_WARN_STRICT_PROTOTYPES = YES;
				CLANG_WARN_SUSPICIOUS_MOVE = YES;
				CLANG_WARN_UNREACHABLE_CODE = YES;
				CLANG_WARN__DUPLICATE_METHOD_MATCH = YES;
				"CODE_SIGN_IDENTITY[sdk=iphoneos*]" = "iPhone Developer";
				COPY_PHASE_STRIP = NO;
				DEBUG_INFORMATION_FORMAT = "dwarf-with-dsym";
				ENABLE_NS_ASSERTIONS = NO;
				ENABLE_STRICT_OBJC_MSGSEND = YES;
				GCC_C_LANGUAGE_STANDARD = gnu99;
				GCC_NO_COMMON_BLOCKS = YES;
				GCC_WARN_64_TO_32_BIT_CONVERSION = YES;
				GCC_WARN_ABOUT_RETURN_TYPE = YES_ERROR;
				GCC_WARN_UNDECLARED_SELECTOR = YES;
				GCC_WARN_UNINITIALIZED_AUTOS = YES_AGGRESSIVE;
				GCC_WARN_UNUSED_FUNCTION = YES;
				GCC_WARN_UNUSED_VARIABLE = YES;
				IPHONEOS_DEPLOYMENT_TARGET = 10.3;
				MTL_ENABLE_DEBUG_INFO = NO;
				SDKROOT = iphoneos;
				SWIFT_OPTIMIZATION_LEVEL = "-Owholemodule";
				VALIDATE_PRODUCT = YES;
			};
			name = Release;
		};
		514AB84F1F47939500C7D4E2 /* Debug */ = {
			isa = XCBuildConfiguration;
			buildSettings = {
				ASSETCATALOG_COMPILER_APPICON_NAME = AppIcon;
				DEVELOPMENT_TEAM = 3TCCEYF5TG;
				INFOPLIST_FILE = GoLive/Info.plist;
				LD_RUNPATH_SEARCH_PATHS = "$(inherited) @executable_path/Frameworks";
				PRODUCT_BUNDLE_IDENTIFIER = com.appcoda.GoLive;
				PRODUCT_NAME = "$(TARGET_NAME)";
				SWIFT_SWIFT3_OBJC_INFERENCE = Default;
				SWIFT_VERSION = 4.0;
			};
			name = Debug;
		};
		514AB8501F47939500C7D4E2 /* Release */ = {
			isa = XCBuildConfiguration;
			buildSettings = {
				ASSETCATALOG_COMPILER_APPICON_NAME = AppIcon;
				DEVELOPMENT_TEAM = 3TCCEYF5TG;
				INFOPLIST_FILE = GoLive/Info.plist;
				LD_RUNPATH_SEARCH_PATHS = "$(inherited) @executable_path/Frameworks";
				PRODUCT_BUNDLE_IDENTIFIER = com.appcoda.GoLive;
				PRODUCT_NAME = "$(TARGET_NAME)";
				SWIFT_SWIFT3_OBJC_INFERENCE = Default;
				SWIFT_VERSION = 4.0;
			};
			name = Release;
		};
/* End XCBuildConfiguration section */

/* Begin XCConfigurationList section */
		514AB8371F47939500C7D4E2 /* Build configuration list for PBXProject "GoLive" */ = {
			isa = XCConfigurationList;
			buildConfigurations = (
				514AB84C1F47939500C7D4E2 /* Debug */,
				514AB84D1F47939500C7D4E2 /* Release */,
			);
			defaultConfigurationIsVisible = 0;
			defaultConfigurationName = Release;
		};
		514AB84E1F47939500C7D4E2 /* Build configuration list for PBXNativeTarget "GoLive" */ = {
			isa = XCConfigurationList;
			buildConfigurations = (
				514AB84F1F47939500C7D4E2 /* Debug */,
				514AB8501F47939500C7D4E2 /* Release */,
			);
			defaultConfigurationIsVisible = 0;
			defaultConfigurationName = Release;
		};
/* End XCConfigurationList section */
	};
	rootObject = 514AB8341F47939500C7D4E2 /* Project object */;
}
